// !$*UTF8*$!
{
	archiveVersion = 1;
	classes = {
	};
	objectVersion = 77;
	objects = {

/* Begin PBXBuildFile section */
		0436F3BBB84BF032B21E31B6 /* Assets.xcassets in Resources */ = {isa = PBXBuildFile; fileRef = E72841B11098ACD13B6D1A42 /* Assets.xcassets */; };
		2BCB1587D2EEA893E87961D5 /* default-config.toml in Resources */ = {isa = PBXBuildFile; fileRef = 61163F00174A7B26557BD6AC /* default-config.toml */; };
		2F04313E03506CF2EFBD5DBA /* FrameApp.swift in Sources */ = {isa = PBXBuildFile; fileRef = 11FD3CE73C9EAA012BEE4456 /* FrameApp.swift */; };
		EEC10B8B26F7193D8ADF7DC9 /* AppBundle in Frameworks */ = {isa = PBXBuildFile; productRef = F00F529612725DC0E3E2FE85 /* AppBundle */; };
/* End PBXBuildFile section */

/* Begin PBXFileReference section */
		0501930D16C605A5923C565F /* frame.entitlements */ = {isa = PBXFileReference; lastKnownFileType = text.plist.entitlements; path = frame.entitlements; sourceTree = "<group>"; };
		11FD3CE73C9EAA012BEE4456 /* FrameApp.swift */ = {isa = PBXFileReference; lastKnownFileType = sourcecode.swift; path = FrameApp.swift; sourceTree = "<group>"; };
		48B9204A06B8308AEF487BCD /* Frame.app */ = {isa = PBXFileReference; explicitFileType = wrapper.application; includeInIndex = 0; path = Frame.app; sourceTree = BUILT_PRODUCTS_DIR; };
		61163F00174A7B26557BD6AC /* default-config.toml */ = {isa = PBXFileReference; path = "default-config.toml"; sourceTree = "<group>"; };
		BF3FD5C7EF3E06CE2F709588 /* simple-wm */ = {isa = PBXFileReference; lastKnownFileType = folder; name = "simple-wm"; path = .; sourceTree = SOURCE_ROOT; };
		E72841B11098ACD13B6D1A42 /* Assets.xcassets */ = {isa = PBXFileReference; lastKnownFileType = folder.assetcatalog; path = Assets.xcassets; sourceTree = "<group>"; };
/* End PBXFileReference section */

/* Begin PBXFrameworksBuildPhase section */
		8DBD4929A91A465BEE4929E8 /* Frameworks */ = {
			isa = PBXFrameworksBuildPhase;
			buildActionMask = 2147483647;
			files = (
				EEC10B8B26F7193D8ADF7DC9 /* AppBundle in Frameworks */,
			);
			runOnlyForDeploymentPostprocessing = 0;
		};
/* End PBXFrameworksBuildPhase section */

/* Begin PBXGroup section */
		0D365B4A60E7EA17F7924872 = {
			isa = PBXGroup;
			children = (
				5A183D76C4F8C91A23B8A074 /* config-examples */,
				4B93035E5F24373D1D00B13B /* FrameApp */,
				6F87B1E0DBB6BE43D1F14ED6 /* Packages */,
				AED4801B6B174BDE59DEDCE2 /* resources */,
				6BC5D08A38AC189E3B0CBDED /* Products */,
			);
			sourceTree = "<group>";
		};
		4B93035E5F24373D1D00B13B /* FrameApp */ = {
			isa = PBXGroup;
			children = (
				11FD3CE73C9EAA012BEE4456 /* FrameApp.swift */,
			);
			name = FrameApp;
			path = Sources/FrameApp;
			sourceTree = "<group>";
		};
		5A183D76C4F8C91A23B8A074 /* config-examples */ = {
			isa = PBXGroup;
			children = (
				61163F00174A7B26557BD6AC /* default-config.toml */,
			);
			name = "config-examples";
			path = "docs/config-examples";
			sourceTree = "<group>";
		};
		6BC5D08A38AC189E3B0CBDED /* Products */ = {
			isa = PBXGroup;
			children = (
				48B9204A06B8308AEF487BCD /* Frame.app */,
			);
			name = Products;
			sourceTree = "<group>";
		};
		6F87B1E0DBB6BE43D1F14ED6 /* Packages */ = {
			isa = PBXGroup;
			children = (
				BF3FD5C7EF3E06CE2F709588 /* simple-wm */,
			);
			name = Packages;
			sourceTree = "<group>";
		};
		AED4801B6B174BDE59DEDCE2 /* resources */ = {
			isa = PBXGroup;
			children = (
				E72841B11098ACD13B6D1A42 /* Assets.xcassets */,
				0501930D16C605A5923C565F /* frame.entitlements */,
			);
			path = resources;
			sourceTree = "<group>";
		};
/* End PBXGroup section */

/* Begin PBXNativeTarget section */
		F492D1DF3447D0CC3D2979C3 /* Frame */ = {
			isa = PBXNativeTarget;
			buildConfigurationList = 3B0FCE0F51100975D687CFA0 /* Build configuration list for PBXNativeTarget "Frame" */;
			buildPhases = (
				F7BC3B831736BB0354C06F07 /* Sources */,
				35F3572E9A36A3D965C6B9E2 /* Resources */,
				8DBD4929A91A465BEE4929E8 /* Frameworks */,
			);
			buildRules = (
			);
			dependencies = (
			);
			name = Frame;
			packageProductDependencies = (
				F00F529612725DC0E3E2FE85 /* AppBundle */,
			);
			productName = Frame;
			productReference = 48B9204A06B8308AEF487BCD /* Frame.app */;
			productType = "com.apple.product-type.application";
		};
/* End PBXNativeTarget section */

/* Begin PBXProject section */
		459E011A975234396783CB42 /* Project object */ = {
			isa = PBXProject;
			attributes = {
				BuildIndependentTargetsInParallel = YES;
				LastUpgradeCheck = 1430;
			};
			buildConfigurationList = 81E7F39BA4DFE0ABAC70FF61 /* Build configuration list for PBXProject "Frame" */;
			compatibilityVersion = "Xcode 14.0";
			developmentRegion = en;
			hasScannedForEncodings = 0;
			knownRegions = (
				Base,
				en,
			);
			mainGroup = 0D365B4A60E7EA17F7924872;
			minimizedProjectReferenceProxies = 1;
			packageReferences = (
				6A6F6078CB4EBB6C4DB1CD44 /* XCLocalSwiftPackageReference "." */,
			);
			preferredProjectObjectVersion = 77;
			projectDirPath = "";
			projectRoot = "";
			targets = (
				F492D1DF3447D0CC3D2979C3 /* Frame */,
			);
		};
/* End PBXProject section */

/* Begin PBXResourcesBuildPhase section */
		35F3572E9A36A3D965C6B9E2 /* Resources */ = {
			isa = PBXResourcesBuildPhase;
			buildActionMask = 2147483647;
			files = (
				0436F3BBB84BF032B21E31B6 /* Assets.xcassets in Resources */,
				2BCB1587D2EEA893E87961D5 /* default-config.toml in Resources */,
			);
			runOnlyForDeploymentPostprocessing = 0;
		};
/* End PBXResourcesBuildPhase section */

/* Begin PBXSourcesBuildPhase section */
		F7BC3B831736BB0354C06F07 /* Sources */ = {
			isa = PBXSourcesBuildPhase;
			buildActionMask = 2147483647;
			files = (
				2F04313E03506CF2EFBD5DBA /* FrameApp.swift in Sources */,
			);
			runOnlyForDeploymentPostprocessing = 0;
		};
/* End PBXSourcesBuildPhase section */

/* Begin XCBuildConfiguration section */
		1B5A39409B7FAD8203321D02 /* Release */ = {
			isa = XCBuildConfiguration;
			buildSettings = {
				ALWAYS_SEARCH_USER_PATHS = NO;
				CLANG_ANALYZER_NONNULL = YES;
				CLANG_ANALYZER_NUMBER_OBJECT_CONVERSION = YES_AGGRESSIVE;
				CLANG_CXX_LANGUAGE_STANDARD = "gnu++14";
				CLANG_CXX_LIBRARY = "libc++";
				CLANG_ENABLE_MODULES = YES;
				CLANG_ENABLE_OBJC_ARC = YES;
				CLANG_ENABLE_OBJC_WEAK = YES;
				CLANG_WARN_BLOCK_CAPTURE_AUTORELEASING = YES;
				CLANG_WARN_BOOL_CONVERSION = YES;
				CLANG_WARN_COMMA = YES;
				CLANG_WARN_CONSTANT_CONVERSION = YES;
				CLANG_WARN_DEPRECATED_OBJC_IMPLEMENTATIONS = YES;
				CLANG_WARN_DIRECT_OBJC_ISA_USAGE = YES_ERROR;
				CLANG_WARN_DOCUMENTATION_COMMENTS = YES;
				CLANG_WARN_EMPTY_BODY = YES;
				CLANG_WARN_ENUM_CONVERSION = YES;
				CLANG_WARN_INFINITE_RECURSION = YES;
				CLANG_WARN_INT_CONVERSION = YES;
				CLANG_WARN_NON_LITERAL_NULL_CONVERSION = YES;
				CLANG_WARN_OBJC_IMPLICIT_RETAIN_SELF = YES;
				CLANG_WARN_OBJC_LITERAL_CONVERSION = YES;
				CLANG_WARN_OBJC_ROOT_CLASS = YES_ERROR;
				CLANG_WARN_QUOTED_INCLUDE_IN_FRAMEWORK_HEADER = YES;
				CLANG_WARN_RANGE_LOOP_ANALYSIS = YES;
				CLANG_WARN_STRICT_PROTOTYPES = YES;
				CLANG_WARN_SUSPICIOUS_MOVE = YES;
				CLANG_WARN_UNGUARDED_AVAILABILITY = YES_AGGRESSIVE;
				CLANG_WARN_UNREACHABLE_CODE = YES;
				CLANG_WARN__DUPLICATE_METHOD_MATCH = YES;
				COPY_PHASE_STRIP = NO;
				DEBUG_INFORMATION_FORMAT = "dwarf-with-dsym";
				ENABLE_NS_ASSERTIONS = NO;
				ENABLE_STRICT_OBJC_MSGSEND = YES;
				GCC_C_LANGUAGE_STANDARD = gnu11;
				GCC_NO_COMMON_BLOCKS = YES;
				GCC_WARN_64_TO_32_BIT_CONVERSION = YES;
				GCC_WARN_ABOUT_RETURN_TYPE = YES_ERROR;
				GCC_WARN_UNDECLARED_SELECTOR = YES;
				GCC_WARN_UNINITIALIZED_AUTOS = YES_AGGRESSIVE;
				GCC_WARN_UNUSED_FUNCTION = YES;
				GCC_WARN_UNUSED_VARIABLE = YES;
				MTL_ENABLE_DEBUG_INFO = NO;
				MTL_FAST_MATH = YES;
				PRODUCT_NAME = "$(TARGET_NAME)";
				SDKROOT = macosx;
				SWIFT_COMPILATION_MODE = wholemodule;
				SWIFT_OPTIMIZATION_LEVEL = "-O";
				SWIFT_VERSION = 5.0;
			};
			name = Release;
		};
		3D6C97940664A75728C0E2E0 /* Debug */ = {
			isa = XCBuildConfiguration;
			buildSettings = {
				ASSETCATALOG_COMPILER_APPICON_NAME = AppIcon;
				CODE_SIGN_ENTITLEMENTS = resources/frame.entitlements;
				CODE_SIGN_IDENTITY = "-";
				COMBINE_HIDPI_IMAGES = YES;
				GENERATE_INFOPLIST_FILE = YES;
				INFOPLIST_KEY_LSUIElement = YES;
				LD_RUNPATH_SEARCH_PATHS = (
					"$(inherited)",
					"@executable_path/../Frameworks",
				);
				MACOSX_DEPLOYMENT_TARGET = 13.0;
				MARKETING_VERSION = "0.0.0-dev";
				PRODUCT_BUNDLE_IDENTIFIER = com.frame.app.debug;
				PRODUCT_NAME = "Frame-Debug";
				SDKROOT = macosx;
				SWIFT_VERSION = 6.2;
			};
			name = Debug;
		};
		CEAC741059CF2FC0E9996B45 /* Release */ = {
			isa = XCBuildConfiguration;
			buildSettings = {
				ASSETCATALOG_COMPILER_APPICON_NAME = AppIcon;
				CODE_SIGN_ENTITLEMENTS = resources/frame.entitlements;
				CODE_SIGN_IDENTITY = "-";
				COMBINE_HIDPI_IMAGES = YES;
				GCC_TREAT_WARNINGS_AS_ERRORS = YES;
				GENERATE_INFOPLIST_FILE = YES;
				INFOPLIST_KEY_LSUIElement = YES;
				LD_RUNPATH_SEARCH_PATHS = (
					"$(inherited)",
					"@executable_path/../Frameworks",
				);
				MACOSX_DEPLOYMENT_TARGET = 13.0;
				MARKETING_VERSION = "0.0.0-dev";
				PRODUCT_BUNDLE_IDENTIFIER = com.frame.app;
				PRODUCT_NAME = Frame;
				SDKROOT = macosx;
				SWIFT_TREAT_WARNINGS_AS_ERRORS = YES;
				SWIFT_VERSION = 6.2;
			};
			name = Release;
		};
		D09A5A3A2CE0E6EAAAB5EC84 /* Debug */ = {
			isa = XCBuildConfiguration;
			buildSettings = {
				ALWAYS_SEARCH_USER_PATHS = NO;
				CLANG_ANALYZER_NONNULL = YES;
				CLANG_ANALYZER_NUMBER_OBJECT_CONVERSION = YES_AGGRESSIVE;
				CLANG_CXX_LANGUAGE_STANDARD = "gnu++14";
				CLANG_CXX_LIBRARY = "libc++";
				CLANG_ENABLE_MODULES = YES;
				CLANG_ENABLE_OBJC_ARC = YES;
				CLANG_ENABLE_OBJC_WEAK = YES;
				CLANG_WARN_BLOCK_CAPTURE_AUTORELEASING = YES;
				CLANG_WARN_BOOL_CONVERSION = YES;
				CLANG_WARN_COMMA = YES;
				CLANG_WARN_CONSTANT_CONVERSION = YES;
				CLANG_WARN_DEPRECATED_OBJC_IMPLEMENTATIONS = YES;
				CLANG_WARN_DIRECT_OBJC_ISA_USAGE = YES_ERROR;
				CLANG_WARN_DOCUMENTATION_COMMENTS = YES;
				CLANG_WARN_EMPTY_BODY = YES;
				CLANG_WARN_ENUM_CONVERSION = YES;
				CLANG_WARN_INFINITE_RECURSION = YES;
				CLANG_WARN_INT_CONVERSION = YES;
				CLANG_WARN_NON_LITERAL_NULL_CONVERSION = YES;
				CLANG_WARN_OBJC_IMPLICIT_RETAIN_SELF = YES;
				CLANG_WARN_OBJC_LITERAL_CONVERSION = YES;
				CLANG_WARN_OBJC_ROOT_CLASS = YES_ERROR;
				CLANG_WARN_QUOTED_INCLUDE_IN_FRAMEWORK_HEADER = YES;
				CLANG_WARN_RANGE_LOOP_ANALYSIS = YES;
				CLANG_WARN_STRICT_PROTOTYPES = YES;
				CLANG_WARN_SUSPICIOUS_MOVE = YES;
				CLANG_WARN_UNGUARDED_AVAILABILITY = YES_AGGRESSIVE;
				CLANG_WARN_UNREACHABLE_CODE = YES;
				CLANG_WARN__DUPLICATE_METHOD_MATCH = YES;
				COPY_PHASE_STRIP = NO;
				DEBUG_INFORMATION_FORMAT = dwarf;
				ENABLE_STRICT_OBJC_MSGSEND = YES;
				ENABLE_TESTABILITY = YES;
				GCC_C_LANGUAGE_STANDARD = gnu11;
				GCC_DYNAMIC_NO_PIC = NO;
				GCC_NO_COMMON_BLOCKS = YES;
				GCC_OPTIMIZATION_LEVEL = 0;
				GCC_PREPROCESSOR_DEFINITIONS = (
					"$(inherited)",
					"DEBUG=1",
				);
				GCC_WARN_64_TO_32_BIT_CONVERSION = YES;
				GCC_WARN_ABOUT_RETURN_TYPE = YES_ERROR;
				GCC_WARN_UNDECLARED_SELECTOR = YES;
				GCC_WARN_UNINITIALIZED_AUTOS = YES_AGGRESSIVE;
				GCC_WARN_UNUSED_FUNCTION = YES;
				GCC_WARN_UNUSED_VARIABLE = YES;
				MTL_ENABLE_DEBUG_INFO = INCLUDE_SOURCE;
				MTL_FAST_MATH = YES;
				ONLY_ACTIVE_ARCH = YES;
				PRODUCT_NAME = "$(TARGET_NAME)";
				SDKROOT = macosx;
				SWIFT_ACTIVE_COMPILATION_CONDITIONS = DEBUG;
				SWIFT_OPTIMIZATION_LEVEL = "-Onone";
				SWIFT_VERSION = 5.0;
			};
			name = Debug;
		};
/* End XCBuildConfiguration section */

/* Begin XCConfigurationList section */
		3B0FCE0F51100975D687CFA0 /* Build configuration list for PBXNativeTarget "Frame" */ = {
			isa = XCConfigurationList;
			buildConfigurations = (
				3D6C97940664A75728C0E2E0 /* Debug */,
				CEAC741059CF2FC0E9996B45 /* Release */,
			);
			defaultConfigurationIsVisible = 0;
			defaultConfigurationName = Debug;
		};
		81E7F39BA4DFE0ABAC70FF61 /* Build configuration list for PBXProject "Frame" */ = {
			isa = XCConfigurationList;
			buildConfigurations = (
				D09A5A3A2CE0E6EAAAB5EC84 /* Debug */,
				1B5A39409B7FAD8203321D02 /* Release */,
			);
			defaultConfigurationIsVisible = 0;
			defaultConfigurationName = Debug;
		};
/* End XCConfigurationList section */

/* Begin XCLocalSwiftPackageReference section */
		6A6F6078CB4EBB6C4DB1CD44 /* XCLocalSwiftPackageReference "." */ = {
			isa = XCLocalSwiftPackageReference;
			relativePath = .;
		};
/* End XCLocalSwiftPackageReference section */

/* Begin XCSwiftPackageProductDependency section */
		F00F529612725DC0E3E2FE85 /* AppBundle */ = {
			isa = XCSwiftPackageProductDependency;
			productName = AppBundle;
		};
/* End XCSwiftPackageProductDependency section */
	};
	rootObject = 459E011A975234396783CB42 /* Project object */;
}
